
Microsoft Visual Studio Solution File, Format Version 12.00
# Visual Studio Version 17
VisualStudioVersion = 17.0.31903.59
MinimumVisualStudioVersion = 10.0.40219.1
Project("{2150E333-8FDC-42A3-9474-1A3956D46DE8}") = "src", "src", "{2F8F8F8F-8F8F-8F8F-8F8F-8F8F8F8F8F8F}"
EndProject
Project("{2150E333-8FDC-42A3-9474-1A3956D46DE8}") = "tests", "tests", "{3F9F9F9F-9F9F-9F9F-9F9F-9F9F9F9F9F9F}"
EndProject
Project("{2150E333-8FDC-42A3-9474-1A3956D46DE8}") = "examples", "examples", "{4E4E4E4E-4E4E-4E4E-4E4E-4E4E4E4E4E4E}"
EndProject
Project("{FAE04EC0-301F-11D3-BF4B-00C04F79EFBC}") = "Honua.Sdk.Admin", "src\Honua.Sdk.Admin\Honua.Sdk.Admin.csproj", "{A1B1C1D1-E1F1-1111-1111-111111111111}"
EndProject
Project("{FAE04EC0-301F-11D3-BF4B-00C04F79EFBC}") = "Honua.Sdk.Grpc", "src\Honua.Sdk.Grpc\Honua.Sdk.Grpc.csproj", "{A2B2C2D2-E2F2-2222-2222-222222222222}"
EndProject
Project("{FAE04EC0-301F-11D3-BF4B-00C04F79EFBC}") = "Honua.Sdk.Admin.Tests", "tests\Honua.Sdk.Admin.Tests\Honua.Sdk.Admin.Tests.csproj", "{A3B3C3D3-E3F3-3333-3333-333333333333}"
EndProject
Project("{FAE04EC0-301F-11D3-BF4B-00C04F79EFBC}") = "Honua.Sdk.Grpc.Tests", "tests\Honua.Sdk.Grpc.Tests\Honua.Sdk.Grpc.Tests.csproj", "{A4B4C4D4-E4F4-4444-4444-444444444444}"
EndProject
Project("{FAE04EC0-301F-11D3-BF4B-00C04F79EFBC}") = "AdminBootstrapConsole", "examples\AdminBootstrapConsole\AdminBootstrapConsole.csproj", "{B1234567-89AB-4CDE-8FAB-1234567890AB}"
EndProject
Project("{FAE04EC0-301F-11D3-BF4B-00C04F79EFBC}") = "AdminBootstrapConsole.Tests", "tests\AdminBootstrapConsole.Tests\AdminBootstrapConsole.Tests.csproj", "{C1234567-89AB-4DEF-8ABC-1234567890AB}"
EndProject
Project("{FAE04EC0-301F-11D3-BF4B-00C04F79EFBC}") = "Honua.Sdk.IntegrationTests", "tests\Honua.Sdk.IntegrationTests\Honua.Sdk.IntegrationTests.csproj", "{D1234567-89AB-4DEF-8BCD-1234567890AB}"
EndProject
Project("{FAE04EC0-301F-11D3-BF4B-00C04F79EFBC}") = "Honua.Sdk.GeoServices", "src\Honua.Sdk.GeoServices\Honua.Sdk.GeoServices.csproj", "{DC736B91-9582-4E27-BD6B-5448D7F8B0C2}"
EndProject
Project("{FAE04EC0-301F-11D3-BF4B-00C04F79EFBC}") = "Honua.Sdk.OgcFeatures", "src\Honua.Sdk.OgcFeatures\Honua.Sdk.OgcFeatures.csproj", "{8753824D-C25C-460B-AB03-7A04025FC337}"
EndProject
Project("{FAE04EC0-301F-11D3-BF4B-00C04F79EFBC}") = "Honua.Sdk.GeoServices.Tests", "tests\Honua.Sdk.GeoServices.Tests\Honua.Sdk.GeoServices.Tests.csproj", "{EA624844-68D9-4511-9A58-D0726834AFA4}"
EndProject
Project("{FAE04EC0-301F-11D3-BF4B-00C04F79EFBC}") = "Honua.Sdk.OgcFeatures.Tests", "tests\Honua.Sdk.OgcFeatures.Tests\Honua.Sdk.OgcFeatures.Tests.csproj", "{BE25E03B-2BC4-4188-B9F1-D085686FF0FA}"
EndProject
Project("{FAE04EC0-301F-11D3-BF4B-00C04F79EFBC}") = "Honua.Sdk.Abstractions", "src\Honua.Sdk.Abstractions\Honua.Sdk.Abstractions.csproj", "{360ACBB7-1206-42F6-8040-7CEB13916D3C}"
EndProject
Project("{FAE04EC0-301F-11D3-BF4B-00C04F79EFBC}") = "Honua.Sdk.Abstractions.Tests", "tests\Honua.Sdk.Abstractions.Tests\Honua.Sdk.Abstractions.Tests.csproj", "{975A5C94-0A96-4ED8-A244-69F33ED5A69A}"
EndProject
Project("{FAE04EC0-301F-11D3-BF4B-00C04F79EFBC}") = "FieldDataCollection", "examples\FieldDataCollection\FieldDataCollection.csproj", "{13D96FD0-02DD-48DF-BBFB-6B78D6B5F9E9}"
EndProject
Project("{FAE04EC0-301F-11D3-BF4B-00C04F79EFBC}") = "Honua.Sdk.Offline", "src\Honua.Sdk.Offline\Honua.Sdk.Offline.csproj", "{F966875B-1489-43DF-AB48-FCBBF93F80BE}"
EndProject
Project("{FAE04EC0-301F-11D3-BF4B-00C04F79EFBC}") = "Honua.Sdk.Offline.Tests", "tests\Honua.Sdk.Offline.Tests\Honua.Sdk.Offline.Tests.csproj", "{023768A4-AB14-4FEB-ABB7-C825327B251D}"
EndProject
Project("{FAE04EC0-301F-11D3-BF4B-00C04F79EFBC}") = "Honua.Sdk.Spec", "src\Honua.Sdk.Spec\Honua.Sdk.Spec.csproj", "{6BF97EE8-690D-44C8-BE03-2151935AD94D}"
EndProject
Project("{FAE04EC0-301F-11D3-BF4B-00C04F79EFBC}") = "Honua.Sdk.Spec.Tests", "tests\Honua.Sdk.Spec.Tests\Honua.Sdk.Spec.Tests.csproj", "{175E1449-0EC2-4F4D-A29C-A3E0AD72A4C9}"
EndProject
Project("{FAE04EC0-301F-11D3-BF4B-00C04F79EFBC}") = "Honua.Sdk.Geometry", "src\Honua.Sdk.Geometry\Honua.Sdk.Geometry.csproj", "{5E68D3F9-CA86-4FFD-A04B-8059EBA81F12}"
EndProject
Project("{FAE04EC0-301F-11D3-BF4B-00C04F79EFBC}") = "Honua.Sdk.Geometry.Tests", "tests\Honua.Sdk.Geometry.Tests\Honua.Sdk.Geometry.Tests.csproj", "{AEE4B36C-FA62-4C6F-B87D-D50CD73F67FF}"
EndProject
Project("{FAE04EC0-301F-11D3-BF4B-00C04F79EFBC}") = "Honua.Sdk.Scenes", "src\Honua.Sdk.Scenes\Honua.Sdk.Scenes.csproj", "{62DB90DA-9140-4F56-B1B0-960CF1D9720B}"
EndProject
Project("{FAE04EC0-301F-11D3-BF4B-00C04F79EFBC}") = "Honua.Sdk.Scenes.Tests", "tests\Honua.Sdk.Scenes.Tests\Honua.Sdk.Scenes.Tests.csproj", "{D46CE414-974F-4434-8167-C61F1B1EA83D}"
EndProject
Project("{FAE04EC0-301F-11D3-BF4B-00C04F79EFBC}") = "Honua.Sdk.Field", "src\Honua.Sdk.Field\Honua.Sdk.Field.csproj", "{360F137A-EC26-4A56-9985-7DE34CDA57A9}"
EndProject
Project("{FAE04EC0-301F-11D3-BF4B-00C04F79EFBC}") = "Honua.Sdk.Field.Tests", "tests\Honua.Sdk.Field.Tests\Honua.Sdk.Field.Tests.csproj", "{3F802AFE-2C9A-43A0-BEE5-E6AAEAF1E2A1}"
EndProject
Project("{FAE04EC0-301F-11D3-BF4B-00C04F79EFBC}") = "Honua.Sdk.BrowserSmoke", "tests\Honua.Sdk.BrowserSmoke\Honua.Sdk.BrowserSmoke.csproj", "{D9183C7D-D3A5-4C7C-80DB-E722C405F0C8}"
EndProject
Project("{FAE04EC0-301F-11D3-BF4B-00C04F79EFBC}") = "Honua.Sdk.BrowserSmoke.Tests", "tests\Honua.Sdk.BrowserSmoke.Tests\Honua.Sdk.BrowserSmoke.Tests.csproj", "{67A5782D-9FA6-4074-95C2-0C1C26DC38CD}"
EndProject
Project("{FAE04EC0-301F-11D3-BF4B-00C04F79EFBC}") = "SpecPlanApplyConsole", "examples\SpecPlanApplyConsole\SpecPlanApplyConsole.csproj", "{8A2D1437-243E-4D8A-9470-537ED2DA0772}"
EndProject
Project("{FAE04EC0-301F-11D3-BF4B-00C04F79EFBC}") = "RealtimeWorker", "examples\RealtimeWorker\RealtimeWorker.csproj", "{4134FB59-239E-4830-9204-513F9F144FA9}"
EndProject
Project("{FAE04EC0-301F-11D3-BF4B-00C04F79EFBC}") = "RoutingGeofenceConsole", "examples\RoutingGeofenceConsole\RoutingGeofenceConsole.csproj", "{F5CFB130-98EA-41C4-847E-6C2C9530324C}"
EndProject
Project("{FAE04EC0-301F-11D3-BF4B-00C04F79EFBC}") = "DemoSuite.Tests", "tests\DemoSuite.Tests\DemoSuite.Tests.csproj", "{A090875A-0818-4812-B5D8-B8D3A6BDEB88}"
EndProject
Project("{FAE04EC0-301F-11D3-BF4B-00C04F79EFBC}") = "Honua.Sdk.ProtocolIntegration.Tests", "tests\Honua.Sdk.ProtocolIntegration.Tests\Honua.Sdk.ProtocolIntegration.Tests.csproj", "{F11B7B36-D382-475D-B974-7E81F10CE000}"
EndProject
Project("{FAE04EC0-301F-11D3-BF4B-00C04F79EFBC}") = "Honua.Sdk", "src\Honua.Sdk\Honua.Sdk.csproj", "{77D2AAA1-C40D-41BE-B515-B1FFC64A7E9B}"
EndProject
Project("{FAE04EC0-301F-11D3-BF4B-00C04F79EFBC}") = "Honua.Sdk.MetaSmoke.Tests", "tests\Honua.Sdk.MetaSmoke.Tests\Honua.Sdk.MetaSmoke.Tests.csproj", "{37BB9D24-682F-4999-9E36-4FE8CAF0F52A}"
EndProject
Project("{FAE04EC0-301F-11D3-BF4B-00C04F79EFBC}") = "Honua.Sdk.Catalogs", "src\Honua.Sdk.Catalogs\Honua.Sdk.Catalogs.csproj", "{D3724D99-0647-4973-A48E-2F9EE845372D}"
EndProject
Project("{FAE04EC0-301F-11D3-BF4B-00C04F79EFBC}") = "Honua.Sdk.OgcFeatures.WfsTests", "tests\Honua.Sdk.OgcFeatures.WfsTests\Honua.Sdk.OgcFeatures.WfsTests.csproj", "{80407791-4866-4BA2-88F3-2436B94393FE}"
EndProject
Project("{FAE04EC0-301F-11D3-BF4B-00C04F79EFBC}") = "Honua.Sdk.Catalogs.StacTests", "tests\Honua.Sdk.Catalogs.StacTests\Honua.Sdk.Catalogs.StacTests.csproj", "{65CF7196-5287-4E15-97B5-2537196371EA}"
EndProject
Project("{FAE04EC0-301F-11D3-BF4B-00C04F79EFBC}") = "Honua.Sdk.Catalogs.RecordsTests", "tests\Honua.Sdk.Catalogs.RecordsTests\Honua.Sdk.Catalogs.RecordsTests.csproj", "{39F55FC9-D836-4775-8C44-4C8160AD56FD}"
EndProject
Project("{FAE04EC0-301F-11D3-BF4B-00C04F79EFBC}") = "Honua.Sdk.Processes", "src\Honua.Sdk.Processes\Honua.Sdk.Processes.csproj", "{7476D0CA-3DBC-4A98-A07A-B31CEB4E0751}"
EndProject
Project("{FAE04EC0-301F-11D3-BF4B-00C04F79EFBC}") = "Honua.Sdk.Processes.Tests", "tests\Honua.Sdk.Processes.Tests\Honua.Sdk.Processes.Tests.csproj", "{AF55DBEC-63CC-4C82-9BAF-C69AEB732E5E}"
EndProject
Project("{FAE04EC0-301F-11D3-BF4B-00C04F79EFBC}") = "Honua.Sdk.Studio", "src\Honua.Sdk.Studio\Honua.Sdk.Studio.csproj", "{AC9D7854-9162-4C75-BB40-3799B3C22A12}"
EndProject
Project("{FAE04EC0-301F-11D3-BF4B-00C04F79EFBC}") = "Honua.Sdk.Studio.Tests", "tests\Honua.Sdk.Studio.Tests\Honua.Sdk.Studio.Tests.csproj", "{FB51EE77-FAAC-425A-A737-DF52CFC573CB}"
EndProject
Project("{FAE04EC0-301F-11D3-BF4B-00C04F79EFBC}") = "StudioAnalysisReportConsole", "examples\StudioAnalysisReportConsole\StudioAnalysisReportConsole.csproj", "{76878BA2-BA46-4E8A-9722-CE704FDA1636}"
EndProject
Project("{FAE04EC0-301F-11D3-BF4B-00C04F79EFBC}") = "Honua.Sdk.ConsoleShare", "src\Honua.Sdk.ConsoleShare\Honua.Sdk.ConsoleShare.csproj", "{2A710C6A-B656-4803-A3D0-A38FE81E21B7}"
EndProject
Project("{FAE04EC0-301F-11D3-BF4B-00C04F79EFBC}") = "Honua.Sdk.ConsoleShare.Tests", "tests\Honua.Sdk.ConsoleShare.Tests\Honua.Sdk.ConsoleShare.Tests.csproj", "{68A8457E-4830-45F3-A0BA-C68F706201B4}"
EndProject
Project("{FAE04EC0-301F-11D3-BF4B-00C04F79EFBC}") = "Honua.Sdk.Conformance.Tests", "tests\Honua.Sdk.Conformance.Tests\Honua.Sdk.Conformance.Tests.csproj", "{11481936-9CF4-444A-A1A7-B7E56C118278}"
EndProject
Global
	GlobalSection(SolutionConfigurationPlatforms) = preSolution
		Debug|Any CPU = Debug|Any CPU
		Debug|x64 = Debug|x64
		Debug|x86 = Debug|x86
		Release|Any CPU = Release|Any CPU
		Release|x64 = Release|x64
		Release|x86 = Release|x86
	EndGlobalSection
	GlobalSection(ProjectConfigurationPlatforms) = postSolution
		{A1B1C1D1-E1F1-1111-1111-111111111111}.Debug|Any CPU.ActiveCfg = Debug|Any CPU
		{A1B1C1D1-E1F1-1111-1111-111111111111}.Debug|Any CPU.Build.0 = Debug|Any CPU
		{A1B1C1D1-E1F1-1111-1111-111111111111}.Debug|x64.ActiveCfg = Debug|Any CPU
		{A1B1C1D1-E1F1-1111-1111-111111111111}.Debug|x64.Build.0 = Debug|Any CPU
		{A1B1C1D1-E1F1-1111-1111-111111111111}.Debug|x86.ActiveCfg = Debug|Any CPU
		{A1B1C1D1-E1F1-1111-1111-111111111111}.Debug|x86.Build.0 = Debug|Any CPU
		{A1B1C1D1-E1F1-1111-1111-111111111111}.Release|Any CPU.ActiveCfg = Release|Any CPU
		{A1B1C1D1-E1F1-1111-1111-111111111111}.Release|Any CPU.Build.0 = Release|Any CPU
		{A1B1C1D1-E1F1-1111-1111-111111111111}.Release|x64.ActiveCfg = Release|Any CPU
		{A1B1C1D1-E1F1-1111-1111-111111111111}.Release|x64.Build.0 = Release|Any CPU
		{A1B1C1D1-E1F1-1111-1111-111111111111}.Release|x86.ActiveCfg = Release|Any CPU
		{A1B1C1D1-E1F1-1111-1111-111111111111}.Release|x86.Build.0 = Release|Any CPU
		{A2B2C2D2-E2F2-2222-2222-222222222222}.Debug|Any CPU.ActiveCfg = Debug|Any CPU
		{A2B2C2D2-E2F2-2222-2222-222222222222}.Debug|Any CPU.Build.0 = Debug|Any CPU
		{A2B2C2D2-E2F2-2222-2222-222222222222}.Debug|x64.ActiveCfg = Debug|Any CPU
		{A2B2C2D2-E2F2-2222-2222-222222222222}.Debug|x64.Build.0 = Debug|Any CPU
		{A2B2C2D2-E2F2-2222-2222-222222222222}.Debug|x86.ActiveCfg = Debug|Any CPU
		{A2B2C2D2-E2F2-2222-2222-222222222222}.Debug|x86.Build.0 = Debug|Any CPU
		{A2B2C2D2-E2F2-2222-2222-222222222222}.Release|Any CPU.ActiveCfg = Release|Any CPU
		{A2B2C2D2-E2F2-2222-2222-222222222222}.Release|Any CPU.Build.0 = Release|Any CPU
		{A2B2C2D2-E2F2-2222-2222-222222222222}.Release|x64.ActiveCfg = Release|Any CPU
		{A2B2C2D2-E2F2-2222-2222-222222222222}.Release|x64.Build.0 = Release|Any CPU
		{A2B2C2D2-E2F2-2222-2222-222222222222}.Release|x86.ActiveCfg = Release|Any CPU
		{A2B2C2D2-E2F2-2222-2222-222222222222}.Release|x86.Build.0 = Release|Any CPU
		{A3B3C3D3-E3F3-3333-3333-333333333333}.Debug|Any CPU.ActiveCfg = Debug|Any CPU
		{A3B3C3D3-E3F3-3333-3333-333333333333}.Debug|Any CPU.Build.0 = Debug|Any CPU
		{A3B3C3D3-E3F3-3333-3333-333333333333}.Debug|x64.ActiveCfg = Debug|Any CPU
		{A3B3C3D3-E3F3-3333-3333-333333333333}.Debug|x64.Build.0 = Debug|Any CPU
		{A3B3C3D3-E3F3-3333-3333-333333333333}.Debug|x86.ActiveCfg = Debug|Any CPU
		{A3B3C3D3-E3F3-3333-3333-333333333333}.Debug|x86.Build.0 = Debug|Any CPU
		{A3B3C3D3-E3F3-3333-3333-333333333333}.Release|Any CPU.ActiveCfg = Release|Any CPU
		{A3B3C3D3-E3F3-3333-3333-333333333333}.Release|Any CPU.Build.0 = Release|Any CPU
		{A3B3C3D3-E3F3-3333-3333-333333333333}.Release|x64.ActiveCfg = Release|Any CPU
		{A3B3C3D3-E3F3-3333-3333-333333333333}.Release|x64.Build.0 = Release|Any CPU
		{A3B3C3D3-E3F3-3333-3333-333333333333}.Release|x86.ActiveCfg = Release|Any CPU
		{A3B3C3D3-E3F3-3333-3333-333333333333}.Release|x86.Build.0 = Release|Any CPU
		{A4B4C4D4-E4F4-4444-4444-444444444444}.Debug|Any CPU.ActiveCfg = Debug|Any CPU
		{A4B4C4D4-E4F4-4444-4444-444444444444}.Debug|Any CPU.Build.0 = Debug|Any CPU
		{A4B4C4D4-E4F4-4444-4444-444444444444}.Debug|x64.ActiveCfg = Debug|Any CPU
		{A4B4C4D4-E4F4-4444-4444-444444444444}.Debug|x64.Build.0 = Debug|Any CPU
		{A4B4C4D4-E4F4-4444-4444-444444444444}.Debug|x86.ActiveCfg = Debug|Any CPU
		{A4B4C4D4-E4F4-4444-4444-444444444444}.Debug|x86.Build.0 = Debug|Any CPU
		{A4B4C4D4-E4F4-4444-4444-444444444444}.Release|Any CPU.ActiveCfg = Release|Any CPU
		{A4B4C4D4-E4F4-4444-4444-444444444444}.Release|Any CPU.Build.0 = Release|Any CPU
		{A4B4C4D4-E4F4-4444-4444-444444444444}.Release|x64.ActiveCfg = Release|Any CPU
		{A4B4C4D4-E4F4-4444-4444-444444444444}.Release|x64.Build.0 = Release|Any CPU
		{A4B4C4D4-E4F4-4444-4444-444444444444}.Release|x86.ActiveCfg = Release|Any CPU
		{A4B4C4D4-E4F4-4444-4444-444444444444}.Release|x86.Build.0 = Release|Any CPU
		{B1234567-89AB-4CDE-8FAB-1234567890AB}.Debug|Any CPU.ActiveCfg = Debug|Any CPU
		{B1234567-89AB-4CDE-8FAB-1234567890AB}.Debug|Any CPU.Build.0 = Debug|Any CPU
		{B1234567-89AB-4CDE-8FAB-1234567890AB}.Debug|x64.ActiveCfg = Debug|Any CPU
		{B1234567-89AB-4CDE-8FAB-1234567890AB}.Debug|x64.Build.0 = Debug|Any CPU
		{B1234567-89AB-4CDE-8FAB-1234567890AB}.Debug|x86.ActiveCfg = Debug|Any CPU
		{B1234567-89AB-4CDE-8FAB-1234567890AB}.Debug|x86.Build.0 = Debug|Any CPU
		{B1234567-89AB-4CDE-8FAB-1234567890AB}.Release|Any CPU.ActiveCfg = Release|Any CPU
		{B1234567-89AB-4CDE-8FAB-1234567890AB}.Release|Any CPU.Build.0 = Release|Any CPU
		{B1234567-89AB-4CDE-8FAB-1234567890AB}.Release|x64.ActiveCfg = Release|Any CPU
		{B1234567-89AB-4CDE-8FAB-1234567890AB}.Release|x64.Build.0 = Release|Any CPU
		{B1234567-89AB-4CDE-8FAB-1234567890AB}.Release|x86.ActiveCfg = Release|Any CPU
		{B1234567-89AB-4CDE-8FAB-1234567890AB}.Release|x86.Build.0 = Release|Any CPU
		{C1234567-89AB-4DEF-8ABC-1234567890AB}.Debug|Any CPU.ActiveCfg = Debug|Any CPU
		{C1234567-89AB-4DEF-8ABC-1234567890AB}.Debug|Any CPU.Build.0 = Debug|Any CPU
		{C1234567-89AB-4DEF-8ABC-1234567890AB}.Debug|x64.ActiveCfg = Debug|Any CPU
		{C1234567-89AB-4DEF-8ABC-1234567890AB}.Debug|x64.Build.0 = Debug|Any CPU
		{C1234567-89AB-4DEF-8ABC-1234567890AB}.Debug|x86.ActiveCfg = Debug|Any CPU
		{C1234567-89AB-4DEF-8ABC-1234567890AB}.Debug|x86.Build.0 = Debug|Any CPU
		{C1234567-89AB-4DEF-8ABC-1234567890AB}.Release|Any CPU.ActiveCfg = Release|Any CPU
		{C1234567-89AB-4DEF-8ABC-1234567890AB}.Release|Any CPU.Build.0 = Release|Any CPU
		{C1234567-89AB-4DEF-8ABC-1234567890AB}.Release|x64.ActiveCfg = Release|Any CPU
		{C1234567-89AB-4DEF-8ABC-1234567890AB}.Release|x64.Build.0 = Release|Any CPU
		{C1234567-89AB-4DEF-8ABC-1234567890AB}.Release|x86.ActiveCfg = Release|Any CPU
		{C1234567-89AB-4DEF-8ABC-1234567890AB}.Release|x86.Build.0 = Release|Any CPU
		{D1234567-89AB-4DEF-8BCD-1234567890AB}.Debug|Any CPU.ActiveCfg = Debug|Any CPU
		{D1234567-89AB-4DEF-8BCD-1234567890AB}.Debug|Any CPU.Build.0 = Debug|Any CPU
		{D1234567-89AB-4DEF-8BCD-1234567890AB}.Debug|x64.ActiveCfg = Debug|Any CPU
		{D1234567-89AB-4DEF-8BCD-1234567890AB}.Debug|x64.Build.0 = Debug|Any CPU
		{D1234567-89AB-4DEF-8BCD-1234567890AB}.Debug|x86.ActiveCfg = Debug|Any CPU
		{D1234567-89AB-4DEF-8BCD-1234567890AB}.Debug|x86.Build.0 = Debug|Any CPU
		{D1234567-89AB-4DEF-8BCD-1234567890AB}.Release|Any CPU.ActiveCfg = Release|Any CPU
		{D1234567-89AB-4DEF-8BCD-1234567890AB}.Release|Any CPU.Build.0 = Release|Any CPU
		{D1234567-89AB-4DEF-8BCD-1234567890AB}.Release|x64.ActiveCfg = Release|Any CPU
		{D1234567-89AB-4DEF-8BCD-1234567890AB}.Release|x64.Build.0 = Release|Any CPU
		{D1234567-89AB-4DEF-8BCD-1234567890AB}.Release|x86.ActiveCfg = Release|Any CPU
		{D1234567-89AB-4DEF-8BCD-1234567890AB}.Release|x86.Build.0 = Release|Any CPU
		{DC736B91-9582-4E27-BD6B-5448D7F8B0C2}.Debug|Any CPU.ActiveCfg = Debug|Any CPU
		{DC736B91-9582-4E27-BD6B-5448D7F8B0C2}.Debug|Any CPU.Build.0 = Debug|Any CPU
		{DC736B91-9582-4E27-BD6B-5448D7F8B0C2}.Debug|x64.ActiveCfg = Debug|Any CPU
		{DC736B91-9582-4E27-BD6B-5448D7F8B0C2}.Debug|x64.Build.0 = Debug|Any CPU
		{DC736B91-9582-4E27-BD6B-5448D7F8B0C2}.Debug|x86.ActiveCfg = Debug|Any CPU
		{DC736B91-9582-4E27-BD6B-5448D7F8B0C2}.Debug|x86.Build.0 = Debug|Any CPU
		{DC736B91-9582-4E27-BD6B-5448D7F8B0C2}.Release|Any CPU.ActiveCfg = Release|Any CPU
		{DC736B91-9582-4E27-BD6B-5448D7F8B0C2}.Release|Any CPU.Build.0 = Release|Any CPU
		{DC736B91-9582-4E27-BD6B-5448D7F8B0C2}.Release|x64.ActiveCfg = Release|Any CPU
		{DC736B91-9582-4E27-BD6B-5448D7F8B0C2}.Release|x64.Build.0 = Release|Any CPU
		{DC736B91-9582-4E27-BD6B-5448D7F8B0C2}.Release|x86.ActiveCfg = Release|Any CPU
		{DC736B91-9582-4E27-BD6B-5448D7F8B0C2}.Release|x86.Build.0 = Release|Any CPU
		{8753824D-C25C-460B-AB03-7A04025FC337}.Debug|Any CPU.ActiveCfg = Debug|Any CPU
		{8753824D-C25C-460B-AB03-7A04025FC337}.Debug|Any CPU.Build.0 = Debug|Any CPU
		{8753824D-C25C-460B-AB03-7A04025FC337}.Debug|x64.ActiveCfg = Debug|Any CPU
		{8753824D-C25C-460B-AB03-7A04025FC337}.Debug|x64.Build.0 = Debug|Any CPU
		{8753824D-C25C-460B-AB03-7A04025FC337}.Debug|x86.ActiveCfg = Debug|Any CPU
		{8753824D-C25C-460B-AB03-7A04025FC337}.Debug|x86.Build.0 = Debug|Any CPU
		{8753824D-C25C-460B-AB03-7A04025FC337}.Release|Any CPU.ActiveCfg = Release|Any CPU
		{8753824D-C25C-460B-AB03-7A04025FC337}.Release|Any CPU.Build.0 = Release|Any CPU
		{8753824D-C25C-460B-AB03-7A04025FC337}.Release|x64.ActiveCfg = Release|Any CPU
		{8753824D-C25C-460B-AB03-7A04025FC337}.Release|x64.Build.0 = Release|Any CPU
		{8753824D-C25C-460B-AB03-7A04025FC337}.Release|x86.ActiveCfg = Release|Any CPU
		{8753824D-C25C-460B-AB03-7A04025FC337}.Release|x86.Build.0 = Release|Any CPU
		{EA624844-68D9-4511-9A58-D0726834AFA4}.Debug|Any CPU.ActiveCfg = Debug|Any CPU
		{EA624844-68D9-4511-9A58-D0726834AFA4}.Debug|Any CPU.Build.0 = Debug|Any CPU
		{EA624844-68D9-4511-9A58-D0726834AFA4}.Debug|x64.ActiveCfg = Debug|Any CPU
		{EA624844-68D9-4511-9A58-D0726834AFA4}.Debug|x64.Build.0 = Debug|Any CPU
		{EA624844-68D9-4511-9A58-D0726834AFA4}.Debug|x86.ActiveCfg = Debug|Any CPU
		{EA624844-68D9-4511-9A58-D0726834AFA4}.Debug|x86.Build.0 = Debug|Any CPU
		{EA624844-68D9-4511-9A58-D0726834AFA4}.Release|Any CPU.ActiveCfg = Release|Any CPU
		{EA624844-68D9-4511-9A58-D0726834AFA4}.Release|Any CPU.Build.0 = Release|Any CPU
		{EA624844-68D9-4511-9A58-D0726834AFA4}.Release|x64.ActiveCfg = Release|Any CPU
		{EA624844-68D9-4511-9A58-D0726834AFA4}.Release|x64.Build.0 = Release|Any CPU
		{EA624844-68D9-4511-9A58-D0726834AFA4}.Release|x86.ActiveCfg = Release|Any CPU
		{EA624844-68D9-4511-9A58-D0726834AFA4}.Release|x86.Build.0 = Release|Any CPU
		{BE25E03B-2BC4-4188-B9F1-D085686FF0FA}.Debug|Any CPU.ActiveCfg = Debug|Any CPU
		{BE25E03B-2BC4-4188-B9F1-D085686FF0FA}.Debug|Any CPU.Build.0 = Debug|Any CPU
		{BE25E03B-2BC4-4188-B9F1-D085686FF0FA}.Debug|x64.ActiveCfg = Debug|Any CPU
		{BE25E03B-2BC4-4188-B9F1-D085686FF0FA}.Debug|x64.Build.0 = Debug|Any CPU
		{BE25E03B-2BC4-4188-B9F1-D085686FF0FA}.Debug|x86.ActiveCfg = Debug|Any CPU
		{BE25E03B-2BC4-4188-B9F1-D085686FF0FA}.Debug|x86.Build.0 = Debug|Any CPU
		{BE25E03B-2BC4-4188-B9F1-D085686FF0FA}.Release|Any CPU.ActiveCfg = Release|Any CPU
		{BE25E03B-2BC4-4188-B9F1-D085686FF0FA}.Release|Any CPU.Build.0 = Release|Any CPU
		{BE25E03B-2BC4-4188-B9F1-D085686FF0FA}.Release|x64.ActiveCfg = Release|Any CPU
		{BE25E03B-2BC4-4188-B9F1-D085686FF0FA}.Release|x64.Build.0 = Release|Any CPU
		{BE25E03B-2BC4-4188-B9F1-D085686FF0FA}.Release|x86.ActiveCfg = Release|Any CPU
		{BE25E03B-2BC4-4188-B9F1-D085686FF0FA}.Release|x86.Build.0 = Release|Any CPU
		{360ACBB7-1206-42F6-8040-7CEB13916D3C}.Debug|Any CPU.ActiveCfg = Debug|Any CPU
		{360ACBB7-1206-42F6-8040-7CEB13916D3C}.Debug|Any CPU.Build.0 = Debug|Any CPU
		{360ACBB7-1206-42F6-8040-7CEB13916D3C}.Debug|x64.ActiveCfg = Debug|Any CPU
		{360ACBB7-1206-42F6-8040-7CEB13916D3C}.Debug|x64.Build.0 = Debug|Any CPU
		{360ACBB7-1206-42F6-8040-7CEB13916D3C}.Debug|x86.ActiveCfg = Debug|Any CPU
		{360ACBB7-1206-42F6-8040-7CEB13916D3C}.Debug|x86.Build.0 = Debug|Any CPU
		{360ACBB7-1206-42F6-8040-7CEB13916D3C}.Release|Any CPU.ActiveCfg = Release|Any CPU
		{360ACBB7-1206-42F6-8040-7CEB13916D3C}.Release|Any CPU.Build.0 = Release|Any CPU
		{360ACBB7-1206-42F6-8040-7CEB13916D3C}.Release|x64.ActiveCfg = Release|Any CPU
		{360ACBB7-1206-42F6-8040-7CEB13916D3C}.Release|x64.Build.0 = Release|Any CPU
		{360ACBB7-1206-42F6-8040-7CEB13916D3C}.Release|x86.ActiveCfg = Release|Any CPU
		{360ACBB7-1206-42F6-8040-7CEB13916D3C}.Release|x86.Build.0 = Release|Any CPU
		{975A5C94-0A96-4ED8-A244-69F33ED5A69A}.Debug|Any CPU.ActiveCfg = Debug|Any CPU
		{975A5C94-0A96-4ED8-A244-69F33ED5A69A}.Debug|Any CPU.Build.0 = Debug|Any CPU
		{975A5C94-0A96-4ED8-A244-69F33ED5A69A}.Debug|x64.ActiveCfg = Debug|Any CPU
		{975A5C94-0A96-4ED8-A244-69F33ED5A69A}.Debug|x64.Build.0 = Debug|Any CPU
		{975A5C94-0A96-4ED8-A244-69F33ED5A69A}.Debug|x86.ActiveCfg = Debug|Any CPU
		{975A5C94-0A96-4ED8-A244-69F33ED5A69A}.Debug|x86.Build.0 = Debug|Any CPU
		{975A5C94-0A96-4ED8-A244-69F33ED5A69A}.Release|Any CPU.ActiveCfg = Release|Any CPU
		{975A5C94-0A96-4ED8-A244-69F33ED5A69A}.Release|Any CPU.Build.0 = Release|Any CPU
		{975A5C94-0A96-4ED8-A244-69F33ED5A69A}.Release|x64.ActiveCfg = Release|Any CPU
		{975A5C94-0A96-4ED8-A244-69F33ED5A69A}.Release|x64.Build.0 = Release|Any CPU
		{975A5C94-0A96-4ED8-A244-69F33ED5A69A}.Release|x86.ActiveCfg = Release|Any CPU
		{975A5C94-0A96-4ED8-A244-69F33ED5A69A}.Release|x86.Build.0 = Release|Any CPU
		{13D96FD0-02DD-48DF-BBFB-6B78D6B5F9E9}.Debug|Any CPU.ActiveCfg = Debug|Any CPU
		{13D96FD0-02DD-48DF-BBFB-6B78D6B5F9E9}.Debug|Any CPU.Build.0 = Debug|Any CPU
		{13D96FD0-02DD-48DF-BBFB-6B78D6B5F9E9}.Debug|x64.ActiveCfg = Debug|Any CPU
		{13D96FD0-02DD-48DF-BBFB-6B78D6B5F9E9}.Debug|x64.Build.0 = Debug|Any CPU
		{13D96FD0-02DD-48DF-BBFB-6B78D6B5F9E9}.Debug|x86.ActiveCfg = Debug|Any CPU
		{13D96FD0-02DD-48DF-BBFB-6B78D6B5F9E9}.Debug|x86.Build.0 = Debug|Any CPU
		{13D96FD0-02DD-48DF-BBFB-6B78D6B5F9E9}.Release|Any CPU.ActiveCfg = Release|Any CPU
		{13D96FD0-02DD-48DF-BBFB-6B78D6B5F9E9}.Release|Any CPU.Build.0 = Release|Any CPU
		{13D96FD0-02DD-48DF-BBFB-6B78D6B5F9E9}.Release|x64.ActiveCfg = Release|Any CPU
		{13D96FD0-02DD-48DF-BBFB-6B78D6B5F9E9}.Release|x64.Build.0 = Release|Any CPU
		{13D96FD0-02DD-48DF-BBFB-6B78D6B5F9E9}.Release|x86.ActiveCfg = Release|Any CPU
		{13D96FD0-02DD-48DF-BBFB-6B78D6B5F9E9}.Release|x86.Build.0 = Release|Any CPU
		{F966875B-1489-43DF-AB48-FCBBF93F80BE}.Debug|Any CPU.ActiveCfg = Debug|Any CPU
		{F966875B-1489-43DF-AB48-FCBBF93F80BE}.Debug|Any CPU.Build.0 = Debug|Any CPU
		{F966875B-1489-43DF-AB48-FCBBF93F80BE}.Debug|x64.ActiveCfg = Debug|Any CPU
		{F966875B-1489-43DF-AB48-FCBBF93F80BE}.Debug|x64.Build.0 = Debug|Any CPU
		{F966875B-1489-43DF-AB48-FCBBF93F80BE}.Debug|x86.ActiveCfg = Debug|Any CPU
		{F966875B-1489-43DF-AB48-FCBBF93F80BE}.Debug|x86.Build.0 = Debug|Any CPU
		{F966875B-1489-43DF-AB48-FCBBF93F80BE}.Release|Any CPU.ActiveCfg = Release|Any CPU
		{F966875B-1489-43DF-AB48-FCBBF93F80BE}.Release|Any CPU.Build.0 = Release|Any CPU
		{F966875B-1489-43DF-AB48-FCBBF93F80BE}.Release|x64.ActiveCfg = Release|Any CPU
		{F966875B-1489-43DF-AB48-FCBBF93F80BE}.Release|x64.Build.0 = Release|Any CPU
		{F966875B-1489-43DF-AB48-FCBBF93F80BE}.Release|x86.ActiveCfg = Release|Any CPU
		{F966875B-1489-43DF-AB48-FCBBF93F80BE}.Release|x86.Build.0 = Release|Any CPU
		{023768A4-AB14-4FEB-ABB7-C825327B251D}.Debug|Any CPU.ActiveCfg = Debug|Any CPU
		{023768A4-AB14-4FEB-ABB7-C825327B251D}.Debug|Any CPU.Build.0 = Debug|Any CPU
		{023768A4-AB14-4FEB-ABB7-C825327B251D}.Debug|x64.ActiveCfg = Debug|Any CPU
		{023768A4-AB14-4FEB-ABB7-C825327B251D}.Debug|x64.Build.0 = Debug|Any CPU
		{023768A4-AB14-4FEB-ABB7-C825327B251D}.Debug|x86.ActiveCfg = Debug|Any CPU
		{023768A4-AB14-4FEB-ABB7-C825327B251D}.Debug|x86.Build.0 = Debug|Any CPU
		{023768A4-AB14-4FEB-ABB7-C825327B251D}.Release|Any CPU.ActiveCfg = Release|Any CPU
		{023768A4-AB14-4FEB-ABB7-C825327B251D}.Release|Any CPU.Build.0 = Release|Any CPU
		{023768A4-AB14-4FEB-ABB7-C825327B251D}.Release|x64.ActiveCfg = Release|Any CPU
		{023768A4-AB14-4FEB-ABB7-C825327B251D}.Release|x64.Build.0 = Release|Any CPU
		{023768A4-AB14-4FEB-ABB7-C825327B251D}.Release|x86.ActiveCfg = Release|Any CPU
		{023768A4-AB14-4FEB-ABB7-C825327B251D}.Release|x86.Build.0 = Release|Any CPU
		{6BF97EE8-690D-44C8-BE03-2151935AD94D}.Debug|Any CPU.ActiveCfg = Debug|Any CPU
		{6BF97EE8-690D-44C8-BE03-2151935AD94D}.Debug|Any CPU.Build.0 = Debug|Any CPU
		{6BF97EE8-690D-44C8-BE03-2151935AD94D}.Debug|x64.ActiveCfg = Debug|Any CPU
		{6BF97EE8-690D-44C8-BE03-2151935AD94D}.Debug|x64.Build.0 = Debug|Any CPU
		{6BF97EE8-690D-44C8-BE03-2151935AD94D}.Debug|x86.ActiveCfg = Debug|Any CPU
		{6BF97EE8-690D-44C8-BE03-2151935AD94D}.Debug|x86.Build.0 = Debug|Any CPU
		{6BF97EE8-690D-44C8-BE03-2151935AD94D}.Release|Any CPU.ActiveCfg = Release|Any CPU
		{6BF97EE8-690D-44C8-BE03-2151935AD94D}.Release|Any CPU.Build.0 = Release|Any CPU
		{6BF97EE8-690D-44C8-BE03-2151935AD94D}.Release|x64.ActiveCfg = Release|Any CPU
		{6BF97EE8-690D-44C8-BE03-2151935AD94D}.Release|x64.Build.0 = Release|Any CPU
		{6BF97EE8-690D-44C8-BE03-2151935AD94D}.Release|x86.ActiveCfg = Release|Any CPU
		{6BF97EE8-690D-44C8-BE03-2151935AD94D}.Release|x86.Build.0 = Release|Any CPU
		{175E1449-0EC2-4F4D-A29C-A3E0AD72A4C9}.Debug|Any CPU.ActiveCfg = Debug|Any CPU
		{175E1449-0EC2-4F4D-A29C-A3E0AD72A4C9}.Debug|Any CPU.Build.0 = Debug|Any CPU
		{175E1449-0EC2-4F4D-A29C-A3E0AD72A4C9}.Debug|x64.ActiveCfg = Debug|Any CPU
		{175E1449-0EC2-4F4D-A29C-A3E0AD72A4C9}.Debug|x64.Build.0 = Debug|Any CPU
		{175E1449-0EC2-4F4D-A29C-A3E0AD72A4C9}.Debug|x86.ActiveCfg = Debug|Any CPU
		{175E1449-0EC2-4F4D-A29C-A3E0AD72A4C9}.Debug|x86.Build.0 = Debug|Any CPU
		{175E1449-0EC2-4F4D-A29C-A3E0AD72A4C9}.Release|Any CPU.ActiveCfg = Release|Any CPU
		{175E1449-0EC2-4F4D-A29C-A3E0AD72A4C9}.Release|Any CPU.Build.0 = Release|Any CPU
		{175E1449-0EC2-4F4D-A29C-A3E0AD72A4C9}.Release|x64.ActiveCfg = Release|Any CPU
		{175E1449-0EC2-4F4D-A29C-A3E0AD72A4C9}.Release|x64.Build.0 = Release|Any CPU
		{175E1449-0EC2-4F4D-A29C-A3E0AD72A4C9}.Release|x86.ActiveCfg = Release|Any CPU
		{175E1449-0EC2-4F4D-A29C-A3E0AD72A4C9}.Release|x86.Build.0 = Release|Any CPU
		{5E68D3F9-CA86-4FFD-A04B-8059EBA81F12}.Debug|Any CPU.ActiveCfg = Debug|Any CPU
		{5E68D3F9-CA86-4FFD-A04B-8059EBA81F12}.Debug|Any CPU.Build.0 = Debug|Any CPU
		{5E68D3F9-CA86-4FFD-A04B-8059EBA81F12}.Debug|x64.ActiveCfg = Debug|Any CPU
		{5E68D3F9-CA86-4FFD-A04B-8059EBA81F12}.Debug|x64.Build.0 = Debug|Any CPU
		{5E68D3F9-CA86-4FFD-A04B-8059EBA81F12}.Debug|x86.ActiveCfg = Debug|Any CPU
		{5E68D3F9-CA86-4FFD-A04B-8059EBA81F12}.Debug|x86.Build.0 = Debug|Any CPU
		{5E68D3F9-CA86-4FFD-A04B-8059EBA81F12}.Release|Any CPU.ActiveCfg = Release|Any CPU
		{5E68D3F9-CA86-4FFD-A04B-8059EBA81F12}.Release|Any CPU.Build.0 = Release|Any CPU
		{5E68D3F9-CA86-4FFD-A04B-8059EBA81F12}.Release|x64.ActiveCfg = Release|Any CPU
		{5E68D3F9-CA86-4FFD-A04B-8059EBA81F12}.Release|x64.Build.0 = Release|Any CPU
		{5E68D3F9-CA86-4FFD-A04B-8059EBA81F12}.Release|x86.ActiveCfg = Release|Any CPU
		{5E68D3F9-CA86-4FFD-A04B-8059EBA81F12}.Release|x86.Build.0 = Release|Any CPU
		{AEE4B36C-FA62-4C6F-B87D-D50CD73F67FF}.Debug|Any CPU.ActiveCfg = Debug|Any CPU
		{AEE4B36C-FA62-4C6F-B87D-D50CD73F67FF}.Debug|Any CPU.Build.0 = Debug|Any CPU
		{AEE4B36C-FA62-4C6F-B87D-D50CD73F67FF}.Debug|x64.ActiveCfg = Debug|Any CPU
		{AEE4B36C-FA62-4C6F-B87D-D50CD73F67FF}.Debug|x64.Build.0 = Debug|Any CPU
		{AEE4B36C-FA62-4C6F-B87D-D50CD73F67FF}.Debug|x86.ActiveCfg = Debug|Any CPU
		{AEE4B36C-FA62-4C6F-B87D-D50CD73F67FF}.Debug|x86.Build.0 = Debug|Any CPU
		{AEE4B36C-FA62-4C6F-B87D-D50CD73F67FF}.Release|Any CPU.ActiveCfg = Release|Any CPU
		{AEE4B36C-FA62-4C6F-B87D-D50CD73F67FF}.Release|Any CPU.Build.0 = Release|Any CPU
		{AEE4B36C-FA62-4C6F-B87D-D50CD73F67FF}.Release|x64.ActiveCfg = Release|Any CPU
		{AEE4B36C-FA62-4C6F-B87D-D50CD73F67FF}.Release|x64.Build.0 = Release|Any CPU
		{AEE4B36C-FA62-4C6F-B87D-D50CD73F67FF}.Release|x86.ActiveCfg = Release|Any CPU
		{AEE4B36C-FA62-4C6F-B87D-D50CD73F67FF}.Release|x86.Build.0 = Release|Any CPU
		{62DB90DA-9140-4F56-B1B0-960CF1D9720B}.Debug|Any CPU.ActiveCfg = Debug|Any CPU
		{62DB90DA-9140-4F56-B1B0-960CF1D9720B}.Debug|Any CPU.Build.0 = Debug|Any CPU
		{62DB90DA-9140-4F56-B1B0-960CF1D9720B}.Debug|x64.ActiveCfg = Debug|Any CPU
		{62DB90DA-9140-4F56-B1B0-960CF1D9720B}.Debug|x64.Build.0 = Debug|Any CPU
		{62DB90DA-9140-4F56-B1B0-960CF1D9720B}.Debug|x86.ActiveCfg = Debug|Any CPU
		{62DB90DA-9140-4F56-B1B0-960CF1D9720B}.Debug|x86.Build.0 = Debug|Any CPU
		{62DB90DA-9140-4F56-B1B0-960CF1D9720B}.Release|Any CPU.ActiveCfg = Release|Any CPU
		{62DB90DA-9140-4F56-B1B0-960CF1D9720B}.Release|Any CPU.Build.0 = Release|Any CPU
		{62DB90DA-9140-4F56-B1B0-960CF1D9720B}.Release|x64.ActiveCfg = Release|Any CPU
		{62DB90DA-9140-4F56-B1B0-960CF1D9720B}.Release|x64.Build.0 = Release|Any CPU
		{62DB90DA-9140-4F56-B1B0-960CF1D9720B}.Release|x86.ActiveCfg = Release|Any CPU
		{62DB90DA-9140-4F56-B1B0-960CF1D9720B}.Release|x86.Build.0 = Release|Any CPU
		{D46CE414-974F-4434-8167-C61F1B1EA83D}.Debug|Any CPU.ActiveCfg = Debug|Any CPU
		{D46CE414-974F-4434-8167-C61F1B1EA83D}.Debug|Any CPU.Build.0 = Debug|Any CPU
		{D46CE414-974F-4434-8167-C61F1B1EA83D}.Debug|x64.ActiveCfg = Debug|Any CPU
		{D46CE414-974F-4434-8167-C61F1B1EA83D}.Debug|x64.Build.0 = Debug|Any CPU
		{D46CE414-974F-4434-8167-C61F1B1EA83D}.Debug|x86.ActiveCfg = Debug|Any CPU
		{D46CE414-974F-4434-8167-C61F1B1EA83D}.Debug|x86.Build.0 = Debug|Any CPU
		{D46CE414-974F-4434-8167-C61F1B1EA83D}.Release|Any CPU.ActiveCfg = Release|Any CPU
		{D46CE414-974F-4434-8167-C61F1B1EA83D}.Release|Any CPU.Build.0 = Release|Any CPU
		{D46CE414-974F-4434-8167-C61F1B1EA83D}.Release|x64.ActiveCfg = Release|Any CPU
		{D46CE414-974F-4434-8167-C61F1B1EA83D}.Release|x64.Build.0 = Release|Any CPU
		{D46CE414-974F-4434-8167-C61F1B1EA83D}.Release|x86.ActiveCfg = Release|Any CPU
		{D46CE414-974F-4434-8167-C61F1B1EA83D}.Release|x86.Build.0 = Release|Any CPU
		{360F137A-EC26-4A56-9985-7DE34CDA57A9}.Debug|Any CPU.ActiveCfg = Debug|Any CPU
		{360F137A-EC26-4A56-9985-7DE34CDA57A9}.Debug|Any CPU.Build.0 = Debug|Any CPU
		{360F137A-EC26-4A56-9985-7DE34CDA57A9}.Debug|x64.ActiveCfg = Debug|Any CPU
		{360F137A-EC26-4A56-9985-7DE34CDA57A9}.Debug|x64.Build.0 = Debug|Any CPU
		{360F137A-EC26-4A56-9985-7DE34CDA57A9}.Debug|x86.ActiveCfg = Debug|Any CPU
		{360F137A-EC26-4A56-9985-7DE34CDA57A9}.Debug|x86.Build.0 = Debug|Any CPU
		{360F137A-EC26-4A56-9985-7DE34CDA57A9}.Release|Any CPU.ActiveCfg = Release|Any CPU
		{360F137A-EC26-4A56-9985-7DE34CDA57A9}.Release|Any CPU.Build.0 = Release|Any CPU
		{360F137A-EC26-4A56-9985-7DE34CDA57A9}.Release|x64.ActiveCfg = Release|Any CPU
		{360F137A-EC26-4A56-9985-7DE34CDA57A9}.Release|x64.Build.0 = Release|Any CPU
		{360F137A-EC26-4A56-9985-7DE34CDA57A9}.Release|x86.ActiveCfg = Release|Any CPU
		{360F137A-EC26-4A56-9985-7DE34CDA57A9}.Release|x86.Build.0 = Release|Any CPU
		{3F802AFE-2C9A-43A0-BEE5-E6AAEAF1E2A1}.Debug|Any CPU.ActiveCfg = Debug|Any CPU
		{3F802AFE-2C9A-43A0-BEE5-E6AAEAF1E2A1}.Debug|Any CPU.Build.0 = Debug|Any CPU
		{3F802AFE-2C9A-43A0-BEE5-E6AAEAF1E2A1}.Debug|x64.ActiveCfg = Debug|Any CPU
		{3F802AFE-2C9A-43A0-BEE5-E6AAEAF1E2A1}.Debug|x64.Build.0 = Debug|Any CPU
		{3F802AFE-2C9A-43A0-BEE5-E6AAEAF1E2A1}.Debug|x86.ActiveCfg = Debug|Any CPU
		{3F802AFE-2C9A-43A0-BEE5-E6AAEAF1E2A1}.Debug|x86.Build.0 = Debug|Any CPU
		{3F802AFE-2C9A-43A0-BEE5-E6AAEAF1E2A1}.Release|Any CPU.ActiveCfg = Release|Any CPU
		{3F802AFE-2C9A-43A0-BEE5-E6AAEAF1E2A1}.Release|Any CPU.Build.0 = Release|Any CPU
		{3F802AFE-2C9A-43A0-BEE5-E6AAEAF1E2A1}.Release|x64.ActiveCfg = Release|Any CPU
		{3F802AFE-2C9A-43A0-BEE5-E6AAEAF1E2A1}.Release|x64.Build.0 = Release|Any CPU
		{3F802AFE-2C9A-43A0-BEE5-E6AAEAF1E2A1}.Release|x86.ActiveCfg = Release|Any CPU
		{3F802AFE-2C9A-43A0-BEE5-E6AAEAF1E2A1}.Release|x86.Build.0 = Release|Any CPU
		{D9183C7D-D3A5-4C7C-80DB-E722C405F0C8}.Debug|Any CPU.ActiveCfg = Debug|Any CPU
		{D9183C7D-D3A5-4C7C-80DB-E722C405F0C8}.Debug|Any CPU.Build.0 = Debug|Any CPU
		{D9183C7D-D3A5-4C7C-80DB-E722C405F0C8}.Debug|x64.ActiveCfg = Debug|Any CPU
		{D9183C7D-D3A5-4C7C-80DB-E722C405F0C8}.Debug|x64.Build.0 = Debug|Any CPU
		{D9183C7D-D3A5-4C7C-80DB-E722C405F0C8}.Debug|x86.ActiveCfg = Debug|Any CPU
		{D9183C7D-D3A5-4C7C-80DB-E722C405F0C8}.Debug|x86.Build.0 = Debug|Any CPU
		{D9183C7D-D3A5-4C7C-80DB-E722C405F0C8}.Release|Any CPU.ActiveCfg = Release|Any CPU
		{D9183C7D-D3A5-4C7C-80DB-E722C405F0C8}.Release|Any CPU.Build.0 = Release|Any CPU
		{D9183C7D-D3A5-4C7C-80DB-E722C405F0C8}.Release|x64.ActiveCfg = Release|Any CPU
		{D9183C7D-D3A5-4C7C-80DB-E722C405F0C8}.Release|x64.Build.0 = Release|Any CPU
		{D9183C7D-D3A5-4C7C-80DB-E722C405F0C8}.Release|x86.ActiveCfg = Release|Any CPU
		{D9183C7D-D3A5-4C7C-80DB-E722C405F0C8}.Release|x86.Build.0 = Release|Any CPU
		{67A5782D-9FA6-4074-95C2-0C1C26DC38CD}.Debug|Any CPU.ActiveCfg = Debug|Any CPU
		{67A5782D-9FA6-4074-95C2-0C1C26DC38CD}.Debug|Any CPU.Build.0 = Debug|Any CPU
		{67A5782D-9FA6-4074-95C2-0C1C26DC38CD}.Debug|x64.ActiveCfg = Debug|Any CPU
		{67A5782D-9FA6-4074-95C2-0C1C26DC38CD}.Debug|x64.Build.0 = Debug|Any CPU
		{67A5782D-9FA6-4074-95C2-0C1C26DC38CD}.Debug|x86.ActiveCfg = Debug|Any CPU
		{67A5782D-9FA6-4074-95C2-0C1C26DC38CD}.Debug|x86.Build.0 = Debug|Any CPU
		{67A5782D-9FA6-4074-95C2-0C1C26DC38CD}.Release|Any CPU.ActiveCfg = Release|Any CPU
		{67A5782D-9FA6-4074-95C2-0C1C26DC38CD}.Release|Any CPU.Build.0 = Release|Any CPU
		{67A5782D-9FA6-4074-95C2-0C1C26DC38CD}.Release|x64.ActiveCfg = Release|Any CPU
		{67A5782D-9FA6-4074-95C2-0C1C26DC38CD}.Release|x64.Build.0 = Release|Any CPU
		{67A5782D-9FA6-4074-95C2-0C1C26DC38CD}.Release|x86.ActiveCfg = Release|Any CPU
		{67A5782D-9FA6-4074-95C2-0C1C26DC38CD}.Release|x86.Build.0 = Release|Any CPU
		{8A2D1437-243E-4D8A-9470-537ED2DA0772}.Debug|Any CPU.ActiveCfg = Debug|Any CPU
		{8A2D1437-243E-4D8A-9470-537ED2DA0772}.Debug|Any CPU.Build.0 = Debug|Any CPU
		{8A2D1437-243E-4D8A-9470-537ED2DA0772}.Debug|x64.ActiveCfg = Debug|Any CPU
		{8A2D1437-243E-4D8A-9470-537ED2DA0772}.Debug|x64.Build.0 = Debug|Any CPU
		{8A2D1437-243E-4D8A-9470-537ED2DA0772}.Debug|x86.ActiveCfg = Debug|Any CPU
		{8A2D1437-243E-4D8A-9470-537ED2DA0772}.Debug|x86.Build.0 = Debug|Any CPU
		{8A2D1437-243E-4D8A-9470-537ED2DA0772}.Release|Any CPU.ActiveCfg = Release|Any CPU
		{8A2D1437-243E-4D8A-9470-537ED2DA0772}.Release|Any CPU.Build.0 = Release|Any CPU
		{8A2D1437-243E-4D8A-9470-537ED2DA0772}.Release|x64.ActiveCfg = Release|Any CPU
		{8A2D1437-243E-4D8A-9470-537ED2DA0772}.Release|x64.Build.0 = Release|Any CPU
		{8A2D1437-243E-4D8A-9470-537ED2DA0772}.Release|x86.ActiveCfg = Release|Any CPU
		{8A2D1437-243E-4D8A-9470-537ED2DA0772}.Release|x86.Build.0 = Release|Any CPU
		{4134FB59-239E-4830-9204-513F9F144FA9}.Debug|Any CPU.ActiveCfg = Debug|Any CPU
		{4134FB59-239E-4830-9204-513F9F144FA9}.Debug|Any CPU.Build.0 = Debug|Any CPU
		{4134FB59-239E-4830-9204-513F9F144FA9}.Debug|x64.ActiveCfg = Debug|Any CPU
		{4134FB59-239E-4830-9204-513F9F144FA9}.Debug|x64.Build.0 = Debug|Any CPU
		{4134FB59-239E-4830-9204-513F9F144FA9}.Debug|x86.ActiveCfg = Debug|Any CPU
		{4134FB59-239E-4830-9204-513F9F144FA9}.Debug|x86.Build.0 = Debug|Any CPU
		{4134FB59-239E-4830-9204-513F9F144FA9}.Release|Any CPU.ActiveCfg = Release|Any CPU
		{4134FB59-239E-4830-9204-513F9F144FA9}.Release|Any CPU.Build.0 = Release|Any CPU
		{4134FB59-239E-4830-9204-513F9F144FA9}.Release|x64.ActiveCfg = Release|Any CPU
		{4134FB59-239E-4830-9204-513F9F144FA9}.Release|x64.Build.0 = Release|Any CPU
		{4134FB59-239E-4830-9204-513F9F144FA9}.Release|x86.ActiveCfg = Release|Any CPU
		{4134FB59-239E-4830-9204-513F9F144FA9}.Release|x86.Build.0 = Release|Any CPU
		{F5CFB130-98EA-41C4-847E-6C2C9530324C}.Debug|Any CPU.ActiveCfg = Debug|Any CPU
		{F5CFB130-98EA-41C4-847E-6C2C9530324C}.Debug|Any CPU.Build.0 = Debug|Any CPU
		{F5CFB130-98EA-41C4-847E-6C2C9530324C}.Debug|x64.ActiveCfg = Debug|Any CPU
		{F5CFB130-98EA-41C4-847E-6C2C9530324C}.Debug|x64.Build.0 = Debug|Any CPU
		{F5CFB130-98EA-41C4-847E-6C2C9530324C}.Debug|x86.ActiveCfg = Debug|Any CPU
		{F5CFB130-98EA-41C4-847E-6C2C9530324C}.Debug|x86.Build.0 = Debug|Any CPU
		{F5CFB130-98EA-41C4-847E-6C2C9530324C}.Release|Any CPU.ActiveCfg = Release|Any CPU
		{F5CFB130-98EA-41C4-847E-6C2C9530324C}.Release|Any CPU.Build.0 = Release|Any CPU
		{F5CFB130-98EA-41C4-847E-6C2C9530324C}.Release|x64.ActiveCfg = Release|Any CPU
		{F5CFB130-98EA-41C4-847E-6C2C9530324C}.Release|x64.Build.0 = Release|Any CPU
		{F5CFB130-98EA-41C4-847E-6C2C9530324C}.Release|x86.ActiveCfg = Release|Any CPU
		{F5CFB130-98EA-41C4-847E-6C2C9530324C}.Release|x86.Build.0 = Release|Any CPU
		{A090875A-0818-4812-B5D8-B8D3A6BDEB88}.Debug|Any CPU.ActiveCfg = Debug|Any CPU
		{A090875A-0818-4812-B5D8-B8D3A6BDEB88}.Debug|Any CPU.Build.0 = Debug|Any CPU
		{A090875A-0818-4812-B5D8-B8D3A6BDEB88}.Debug|x64.ActiveCfg = Debug|Any CPU
		{A090875A-0818-4812-B5D8-B8D3A6BDEB88}.Debug|x64.Build.0 = Debug|Any CPU
		{A090875A-0818-4812-B5D8-B8D3A6BDEB88}.Debug|x86.ActiveCfg = Debug|Any CPU
		{A090875A-0818-4812-B5D8-B8D3A6BDEB88}.Debug|x86.Build.0 = Debug|Any CPU
		{A090875A-0818-4812-B5D8-B8D3A6BDEB88}.Release|Any CPU.ActiveCfg = Release|Any CPU
		{A090875A-0818-4812-B5D8-B8D3A6BDEB88}.Release|Any CPU.Build.0 = Release|Any CPU
		{A090875A-0818-4812-B5D8-B8D3A6BDEB88}.Release|x64.ActiveCfg = Release|Any CPU
		{A090875A-0818-4812-B5D8-B8D3A6BDEB88}.Release|x64.Build.0 = Release|Any CPU
		{A090875A-0818-4812-B5D8-B8D3A6BDEB88}.Release|x86.ActiveCfg = Release|Any CPU
		{A090875A-0818-4812-B5D8-B8D3A6BDEB88}.Release|x86.Build.0 = Release|Any CPU
		{F11B7B36-D382-475D-B974-7E81F10CE000}.Debug|Any CPU.ActiveCfg = Debug|Any CPU
		{F11B7B36-D382-475D-B974-7E81F10CE000}.Debug|Any CPU.Build.0 = Debug|Any CPU
		{F11B7B36-D382-475D-B974-7E81F10CE000}.Debug|x64.ActiveCfg = Debug|Any CPU
		{F11B7B36-D382-475D-B974-7E81F10CE000}.Debug|x64.Build.0 = Debug|Any CPU
		{F11B7B36-D382-475D-B974-7E81F10CE000}.Debug|x86.ActiveCfg = Debug|Any CPU
		{F11B7B36-D382-475D-B974-7E81F10CE000}.Debug|x86.Build.0 = Debug|Any CPU
		{F11B7B36-D382-475D-B974-7E81F10CE000}.Release|Any CPU.ActiveCfg = Release|Any CPU
		{F11B7B36-D382-475D-B974-7E81F10CE000}.Release|Any CPU.Build.0 = Release|Any CPU
		{F11B7B36-D382-475D-B974-7E81F10CE000}.Release|x64.ActiveCfg = Release|Any CPU
		{F11B7B36-D382-475D-B974-7E81F10CE000}.Release|x64.Build.0 = Release|Any CPU
		{F11B7B36-D382-475D-B974-7E81F10CE000}.Release|x86.ActiveCfg = Release|Any CPU
		{F11B7B36-D382-475D-B974-7E81F10CE000}.Release|x86.Build.0 = Release|Any CPU
		{77D2AAA1-C40D-41BE-B515-B1FFC64A7E9B}.Debug|Any CPU.ActiveCfg = Debug|Any CPU
		{77D2AAA1-C40D-41BE-B515-B1FFC64A7E9B}.Debug|Any CPU.Build.0 = Debug|Any CPU
		{77D2AAA1-C40D-41BE-B515-B1FFC64A7E9B}.Debug|x64.ActiveCfg = Debug|Any CPU
		{77D2AAA1-C40D-41BE-B515-B1FFC64A7E9B}.Debug|x64.Build.0 = Debug|Any CPU
		{77D2AAA1-C40D-41BE-B515-B1FFC64A7E9B}.Debug|x86.ActiveCfg = Debug|Any CPU
		{77D2AAA1-C40D-41BE-B515-B1FFC64A7E9B}.Debug|x86.Build.0 = Debug|Any CPU
		{77D2AAA1-C40D-41BE-B515-B1FFC64A7E9B}.Release|Any CPU.ActiveCfg = Release|Any CPU
		{77D2AAA1-C40D-41BE-B515-B1FFC64A7E9B}.Release|Any CPU.Build.0 = Release|Any CPU
		{77D2AAA1-C40D-41BE-B515-B1FFC64A7E9B}.Release|x64.ActiveCfg = Release|Any CPU
		{77D2AAA1-C40D-41BE-B515-B1FFC64A7E9B}.Release|x64.Build.0 = Release|Any CPU
		{77D2AAA1-C40D-41BE-B515-B1FFC64A7E9B}.Release|x86.ActiveCfg = Release|Any CPU
		{77D2AAA1-C40D-41BE-B515-B1FFC64A7E9B}.Release|x86.Build.0 = Release|Any CPU
		{37BB9D24-682F-4999-9E36-4FE8CAF0F52A}.Debug|Any CPU.ActiveCfg = Debug|Any CPU
		{37BB9D24-682F-4999-9E36-4FE8CAF0F52A}.Debug|Any CPU.Build.0 = Debug|Any CPU
		{37BB9D24-682F-4999-9E36-4FE8CAF0F52A}.Debug|x64.ActiveCfg = Debug|Any CPU
		{37BB9D24-682F-4999-9E36-4FE8CAF0F52A}.Debug|x64.Build.0 = Debug|Any CPU
		{37BB9D24-682F-4999-9E36-4FE8CAF0F52A}.Debug|x86.ActiveCfg = Debug|Any CPU
		{37BB9D24-682F-4999-9E36-4FE8CAF0F52A}.Debug|x86.Build.0 = Debug|Any CPU
		{37BB9D24-682F-4999-9E36-4FE8CAF0F52A}.Release|Any CPU.ActiveCfg = Release|Any CPU
		{37BB9D24-682F-4999-9E36-4FE8CAF0F52A}.Release|Any CPU.Build.0 = Release|Any CPU
		{37BB9D24-682F-4999-9E36-4FE8CAF0F52A}.Release|x64.ActiveCfg = Release|Any CPU
		{37BB9D24-682F-4999-9E36-4FE8CAF0F52A}.Release|x64.Build.0 = Release|Any CPU
		{37BB9D24-682F-4999-9E36-4FE8CAF0F52A}.Release|x86.ActiveCfg = Release|Any CPU
		{37BB9D24-682F-4999-9E36-4FE8CAF0F52A}.Release|x86.Build.0 = Release|Any CPU
		{D3724D99-0647-4973-A48E-2F9EE845372D}.Debug|Any CPU.ActiveCfg = Debug|Any CPU
		{D3724D99-0647-4973-A48E-2F9EE845372D}.Debug|Any CPU.Build.0 = Debug|Any CPU
		{D3724D99-0647-4973-A48E-2F9EE845372D}.Debug|x64.ActiveCfg = Debug|Any CPU
		{D3724D99-0647-4973-A48E-2F9EE845372D}.Debug|x64.Build.0 = Debug|Any CPU
		{D3724D99-0647-4973-A48E-2F9EE845372D}.Debug|x86.ActiveCfg = Debug|Any CPU
		{D3724D99-0647-4973-A48E-2F9EE845372D}.Debug|x86.Build.0 = Debug|Any CPU
		{D3724D99-0647-4973-A48E-2F9EE845372D}.Release|Any CPU.ActiveCfg = Release|Any CPU
		{D3724D99-0647-4973-A48E-2F9EE845372D}.Release|Any CPU.Build.0 = Release|Any CPU
		{D3724D99-0647-4973-A48E-2F9EE845372D}.Release|x64.ActiveCfg = Release|Any CPU
		{D3724D99-0647-4973-A48E-2F9EE845372D}.Release|x64.Build.0 = Release|Any CPU
		{D3724D99-0647-4973-A48E-2F9EE845372D}.Release|x86.ActiveCfg = Release|Any CPU
		{D3724D99-0647-4973-A48E-2F9EE845372D}.Release|x86.Build.0 = Release|Any CPU
		{80407791-4866-4BA2-88F3-2436B94393FE}.Debug|Any CPU.ActiveCfg = Debug|Any CPU
		{80407791-4866-4BA2-88F3-2436B94393FE}.Debug|Any CPU.Build.0 = Debug|Any CPU
		{80407791-4866-4BA2-88F3-2436B94393FE}.Debug|x64.ActiveCfg = Debug|Any CPU
		{80407791-4866-4BA2-88F3-2436B94393FE}.Debug|x64.Build.0 = Debug|Any CPU
		{80407791-4866-4BA2-88F3-2436B94393FE}.Debug|x86.ActiveCfg = Debug|Any CPU
		{80407791-4866-4BA2-88F3-2436B94393FE}.Debug|x86.Build.0 = Debug|Any CPU
		{80407791-4866-4BA2-88F3-2436B94393FE}.Release|Any CPU.ActiveCfg = Release|Any CPU
		{80407791-4866-4BA2-88F3-2436B94393FE}.Release|Any CPU.Build.0 = Release|Any CPU
		{80407791-4866-4BA2-88F3-2436B94393FE}.Release|x64.ActiveCfg = Release|Any CPU
		{80407791-4866-4BA2-88F3-2436B94393FE}.Release|x64.Build.0 = Release|Any CPU
		{80407791-4866-4BA2-88F3-2436B94393FE}.Release|x86.ActiveCfg = Release|Any CPU
		{80407791-4866-4BA2-88F3-2436B94393FE}.Release|x86.Build.0 = Release|Any CPU
		{65CF7196-5287-4E15-97B5-2537196371EA}.Debug|Any CPU.ActiveCfg = Debug|Any CPU
		{65CF7196-5287-4E15-97B5-2537196371EA}.Debug|Any CPU.Build.0 = Debug|Any CPU
		{65CF7196-5287-4E15-97B5-2537196371EA}.Debug|x64.ActiveCfg = Debug|Any CPU
		{65CF7196-5287-4E15-97B5-2537196371EA}.Debug|x64.Build.0 = Debug|Any CPU
		{65CF7196-5287-4E15-97B5-2537196371EA}.Debug|x86.ActiveCfg = Debug|Any CPU
		{65CF7196-5287-4E15-97B5-2537196371EA}.Debug|x86.Build.0 = Debug|Any CPU
		{65CF7196-5287-4E15-97B5-2537196371EA}.Release|Any CPU.ActiveCfg = Release|Any CPU
		{65CF7196-5287-4E15-97B5-2537196371EA}.Release|Any CPU.Build.0 = Release|Any CPU
		{65CF7196-5287-4E15-97B5-2537196371EA}.Release|x64.ActiveCfg = Release|Any CPU
		{65CF7196-5287-4E15-97B5-2537196371EA}.Release|x64.Build.0 = Release|Any CPU
		{65CF7196-5287-4E15-97B5-2537196371EA}.Release|x86.ActiveCfg = Release|Any CPU
		{65CF7196-5287-4E15-97B5-2537196371EA}.Release|x86.Build.0 = Release|Any CPU
		{39F55FC9-D836-4775-8C44-4C8160AD56FD}.Debug|Any CPU.ActiveCfg = Debug|Any CPU
		{39F55FC9-D836-4775-8C44-4C8160AD56FD}.Debug|Any CPU.Build.0 = Debug|Any CPU
		{39F55FC9-D836-4775-8C44-4C8160AD56FD}.Debug|x64.ActiveCfg = Debug|Any CPU
		{39F55FC9-D836-4775-8C44-4C8160AD56FD}.Debug|x64.Build.0 = Debug|Any CPU
		{39F55FC9-D836-4775-8C44-4C8160AD56FD}.Debug|x86.ActiveCfg = Debug|Any CPU
		{39F55FC9-D836-4775-8C44-4C8160AD56FD}.Debug|x86.Build.0 = Debug|Any CPU
		{39F55FC9-D836-4775-8C44-4C8160AD56FD}.Release|Any CPU.ActiveCfg = Release|Any CPU
		{39F55FC9-D836-4775-8C44-4C8160AD56FD}.Release|Any CPU.Build.0 = Release|Any CPU
		{39F55FC9-D836-4775-8C44-4C8160AD56FD}.Release|x64.ActiveCfg = Release|Any CPU
		{39F55FC9-D836-4775-8C44-4C8160AD56FD}.Release|x64.Build.0 = Release|Any CPU
		{39F55FC9-D836-4775-8C44-4C8160AD56FD}.Release|x86.ActiveCfg = Release|Any CPU
		{39F55FC9-D836-4775-8C44-4C8160AD56FD}.Release|x86.Build.0 = Release|Any CPU
		{7476D0CA-3DBC-4A98-A07A-B31CEB4E0751}.Debug|Any CPU.ActiveCfg = Debug|Any CPU
		{7476D0CA-3DBC-4A98-A07A-B31CEB4E0751}.Debug|Any CPU.Build.0 = Debug|Any CPU
		{7476D0CA-3DBC-4A98-A07A-B31CEB4E0751}.Debug|x64.ActiveCfg = Debug|Any CPU
		{7476D0CA-3DBC-4A98-A07A-B31CEB4E0751}.Debug|x64.Build.0 = Debug|Any CPU
		{7476D0CA-3DBC-4A98-A07A-B31CEB4E0751}.Debug|x86.ActiveCfg = Debug|Any CPU
		{7476D0CA-3DBC-4A98-A07A-B31CEB4E0751}.Debug|x86.Build.0 = Debug|Any CPU
		{7476D0CA-3DBC-4A98-A07A-B31CEB4E0751}.Release|Any CPU.ActiveCfg = Release|Any CPU
		{7476D0CA-3DBC-4A98-A07A-B31CEB4E0751}.Release|Any CPU.Build.0 = Release|Any CPU
		{7476D0CA-3DBC-4A98-A07A-B31CEB4E0751}.Release|x64.ActiveCfg = Release|Any CPU
		{7476D0CA-3DBC-4A98-A07A-B31CEB4E0751}.Release|x64.Build.0 = Release|Any CPU
		{7476D0CA-3DBC-4A98-A07A-B31CEB4E0751}.Release|x86.ActiveCfg = Release|Any CPU
		{7476D0CA-3DBC-4A98-A07A-B31CEB4E0751}.Release|x86.Build.0 = Release|Any CPU
		{AF55DBEC-63CC-4C82-9BAF-C69AEB732E5E}.Debug|Any CPU.ActiveCfg = Debug|Any CPU
		{AF55DBEC-63CC-4C82-9BAF-C69AEB732E5E}.Debug|Any CPU.Build.0 = Debug|Any CPU
		{AF55DBEC-63CC-4C82-9BAF-C69AEB732E5E}.Debug|x64.ActiveCfg = Debug|Any CPU
		{AF55DBEC-63CC-4C82-9BAF-C69AEB732E5E}.Debug|x64.Build.0 = Debug|Any CPU
		{AF55DBEC-63CC-4C82-9BAF-C69AEB732E5E}.Debug|x86.ActiveCfg = Debug|Any CPU
		{AF55DBEC-63CC-4C82-9BAF-C69AEB732E5E}.Debug|x86.Build.0 = Debug|Any CPU
		{AF55DBEC-63CC-4C82-9BAF-C69AEB732E5E}.Release|Any CPU.ActiveCfg = Release|Any CPU
		{AF55DBEC-63CC-4C82-9BAF-C69AEB732E5E}.Release|Any CPU.Build.0 = Release|Any CPU
		{AF55DBEC-63CC-4C82-9BAF-C69AEB732E5E}.Release|x64.ActiveCfg = Release|Any CPU
		{AF55DBEC-63CC-4C82-9BAF-C69AEB732E5E}.Release|x64.Build.0 = Release|Any CPU
		{AF55DBEC-63CC-4C82-9BAF-C69AEB732E5E}.Release|x86.ActiveCfg = Release|Any CPU
		{AF55DBEC-63CC-4C82-9BAF-C69AEB732E5E}.Release|x86.Build.0 = Release|Any CPU
		{AC9D7854-9162-4C75-BB40-3799B3C22A12}.Debug|Any CPU.ActiveCfg = Debug|Any CPU
		{AC9D7854-9162-4C75-BB40-3799B3C22A12}.Debug|Any CPU.Build.0 = Debug|Any CPU
		{AC9D7854-9162-4C75-BB40-3799B3C22A12}.Debug|x64.ActiveCfg = Debug|Any CPU
		{AC9D7854-9162-4C75-BB40-3799B3C22A12}.Debug|x64.Build.0 = Debug|Any CPU
		{AC9D7854-9162-4C75-BB40-3799B3C22A12}.Debug|x86.ActiveCfg = Debug|Any CPU
		{AC9D7854-9162-4C75-BB40-3799B3C22A12}.Debug|x86.Build.0 = Debug|Any CPU
		{AC9D7854-9162-4C75-BB40-3799B3C22A12}.Release|Any CPU.ActiveCfg = Release|Any CPU
		{AC9D7854-9162-4C75-BB40-3799B3C22A12}.Release|Any CPU.Build.0 = Release|Any CPU
		{AC9D7854-9162-4C75-BB40-3799B3C22A12}.Release|x64.ActiveCfg = Release|Any CPU
		{AC9D7854-9162-4C75-BB40-3799B3C22A12}.Release|x64.Build.0 = Release|Any CPU
		{AC9D7854-9162-4C75-BB40-3799B3C22A12}.Release|x86.ActiveCfg = Release|Any CPU
		{AC9D7854-9162-4C75-BB40-3799B3C22A12}.Release|x86.Build.0 = Release|Any CPU
		{FB51EE77-FAAC-425A-A737-DF52CFC573CB}.Debug|Any CPU.ActiveCfg = Debug|Any CPU
		{FB51EE77-FAAC-425A-A737-DF52CFC573CB}.Debug|Any CPU.Build.0 = Debug|Any CPU
		{FB51EE77-FAAC-425A-A737-DF52CFC573CB}.Debug|x64.ActiveCfg = Debug|Any CPU
		{FB51EE77-FAAC-425A-A737-DF52CFC573CB}.Debug|x64.Build.0 = Debug|Any CPU
		{FB51EE77-FAAC-425A-A737-DF52CFC573CB}.Debug|x86.ActiveCfg = Debug|Any CPU
		{FB51EE77-FAAC-425A-A737-DF52CFC573CB}.Debug|x86.Build.0 = Debug|Any CPU
		{FB51EE77-FAAC-425A-A737-DF52CFC573CB}.Release|Any CPU.ActiveCfg = Release|Any CPU
		{FB51EE77-FAAC-425A-A737-DF52CFC573CB}.Release|Any CPU.Build.0 = Release|Any CPU
		{FB51EE77-FAAC-425A-A737-DF52CFC573CB}.Release|x64.ActiveCfg = Release|Any CPU
		{FB51EE77-FAAC-425A-A737-DF52CFC573CB}.Release|x64.Build.0 = Release|Any CPU
		{FB51EE77-FAAC-425A-A737-DF52CFC573CB}.Release|x86.ActiveCfg = Release|Any CPU
		{FB51EE77-FAAC-425A-A737-DF52CFC573CB}.Release|x86.Build.0 = Release|Any CPU
		{76878BA2-BA46-4E8A-9722-CE704FDA1636}.Debug|Any CPU.ActiveCfg = Debug|Any CPU
		{76878BA2-BA46-4E8A-9722-CE704FDA1636}.Debug|Any CPU.Build.0 = Debug|Any CPU
		{76878BA2-BA46-4E8A-9722-CE704FDA1636}.Debug|x64.ActiveCfg = Debug|Any CPU
		{76878BA2-BA46-4E8A-9722-CE704FDA1636}.Debug|x64.Build.0 = Debug|Any CPU
		{76878BA2-BA46-4E8A-9722-CE704FDA1636}.Debug|x86.ActiveCfg = Debug|Any CPU
		{76878BA2-BA46-4E8A-9722-CE704FDA1636}.Debug|x86.Build.0 = Debug|Any CPU
		{76878BA2-BA46-4E8A-9722-CE704FDA1636}.Release|Any CPU.ActiveCfg = Release|Any CPU
		{76878BA2-BA46-4E8A-9722-CE704FDA1636}.Release|Any CPU.Build.0 = Release|Any CPU
		{76878BA2-BA46-4E8A-9722-CE704FDA1636}.Release|x64.ActiveCfg = Release|Any CPU
		{76878BA2-BA46-4E8A-9722-CE704FDA1636}.Release|x64.Build.0 = Release|Any CPU
		{76878BA2-BA46-4E8A-9722-CE704FDA1636}.Release|x86.ActiveCfg = Release|Any CPU
		{76878BA2-BA46-4E8A-9722-CE704FDA1636}.Release|x86.Build.0 = Release|Any CPU
		{2A710C6A-B656-4803-A3D0-A38FE81E21B7}.Debug|Any CPU.ActiveCfg = Debug|Any CPU
		{2A710C6A-B656-4803-A3D0-A38FE81E21B7}.Debug|Any CPU.Build.0 = Debug|Any CPU
		{2A710C6A-B656-4803-A3D0-A38FE81E21B7}.Debug|x64.ActiveCfg = Debug|Any CPU
		{2A710C6A-B656-4803-A3D0-A38FE81E21B7}.Debug|x64.Build.0 = Debug|Any CPU
		{2A710C6A-B656-4803-A3D0-A38FE81E21B7}.Debug|x86.ActiveCfg = Debug|Any CPU
		{2A710C6A-B656-4803-A3D0-A38FE81E21B7}.Debug|x86.Build.0 = Debug|Any CPU
		{2A710C6A-B656-4803-A3D0-A38FE81E21B7}.Release|Any CPU.ActiveCfg = Release|Any CPU
		{2A710C6A-B656-4803-A3D0-A38FE81E21B7}.Release|Any CPU.Build.0 = Release|Any CPU
		{2A710C6A-B656-4803-A3D0-A38FE81E21B7}.Release|x64.ActiveCfg = Release|Any CPU
		{2A710C6A-B656-4803-A3D0-A38FE81E21B7}.Release|x64.Build.0 = Release|Any CPU
		{2A710C6A-B656-4803-A3D0-A38FE81E21B7}.Release|x86.ActiveCfg = Release|Any CPU
		{2A710C6A-B656-4803-A3D0-A38FE81E21B7}.Release|x86.Build.0 = Release|Any CPU
		{68A8457E-4830-45F3-A0BA-C68F706201B4}.Debug|Any CPU.ActiveCfg = Debug|Any CPU
		{68A8457E-4830-45F3-A0BA-C68F706201B4}.Debug|Any CPU.Build.0 = Debug|Any CPU
		{68A8457E-4830-45F3-A0BA-C68F706201B4}.Debug|x64.ActiveCfg = Debug|Any CPU
		{68A8457E-4830-45F3-A0BA-C68F706201B4}.Debug|x64.Build.0 = Debug|Any CPU
		{68A8457E-4830-45F3-A0BA-C68F706201B4}.Debug|x86.ActiveCfg = Debug|Any CPU
		{68A8457E-4830-45F3-A0BA-C68F706201B4}.Debug|x86.Build.0 = Debug|Any CPU
		{68A8457E-4830-45F3-A0BA-C68F706201B4}.Release|Any CPU.ActiveCfg = Release|Any CPU
		{68A8457E-4830-45F3-A0BA-C68F706201B4}.Release|Any CPU.Build.0 = Release|Any CPU
		{68A8457E-4830-45F3-A0BA-C68F706201B4}.Release|x64.ActiveCfg = Release|Any CPU
		{68A8457E-4830-45F3-A0BA-C68F706201B4}.Release|x64.Build.0 = Release|Any CPU
		{68A8457E-4830-45F3-A0BA-C68F706201B4}.Release|x86.ActiveCfg = Release|Any CPU
		{68A8457E-4830-45F3-A0BA-C68F706201B4}.Release|x86.Build.0 = Release|Any CPU
		{11481936-9CF4-444A-A1A7-B7E56C118278}.Debug|Any CPU.ActiveCfg = Debug|Any CPU
		{11481936-9CF4-444A-A1A7-B7E56C118278}.Debug|Any CPU.Build.0 = Debug|Any CPU
		{11481936-9CF4-444A-A1A7-B7E56C118278}.Debug|x64.ActiveCfg = Debug|Any CPU
		{11481936-9CF4-444A-A1A7-B7E56C118278}.Debug|x64.Build.0 = Debug|Any CPU
		{11481936-9CF4-444A-A1A7-B7E56C118278}.Debug|x86.ActiveCfg = Debug|Any CPU
		{11481936-9CF4-444A-A1A7-B7E56C118278}.Debug|x86.Build.0 = Debug|Any CPU
		{11481936-9CF4-444A-A1A7-B7E56C118278}.Release|Any CPU.ActiveCfg = Release|Any CPU
		{11481936-9CF4-444A-A1A7-B7E56C118278}.Release|Any CPU.Build.0 = Release|Any CPU
		{11481936-9CF4-444A-A1A7-B7E56C118278}.Release|x64.ActiveCfg = Release|Any CPU
		{11481936-9CF4-444A-A1A7-B7E56C118278}.Release|x64.Build.0 = Release|Any CPU
		{11481936-9CF4-444A-A1A7-B7E56C118278}.Release|x86.ActiveCfg = Release|Any CPU
		{11481936-9CF4-444A-A1A7-B7E56C118278}.Release|x86.Build.0 = Release|Any CPU
	EndGlobalSection
	GlobalSection(SolutionProperties) = preSolution
		HideSolutionNode = FALSE
	EndGlobalSection
	GlobalSection(NestedProjects) = preSolution
		{A1B1C1D1-E1F1-1111-1111-111111111111} = {2F8F8F8F-8F8F-8F8F-8F8F-8F8F8F8F8F8F}
		{A2B2C2D2-E2F2-2222-2222-222222222222} = {2F8F8F8F-8F8F-8F8F-8F8F-8F8F8F8F8F8F}
		{A3B3C3D3-E3F3-3333-3333-333333333333} = {3F9F9F9F-9F9F-9F9F-9F9F-9F9F9F9F9F9F}
		{A4B4C4D4-E4F4-4444-4444-444444444444} = {3F9F9F9F-9F9F-9F9F-9F9F-9F9F9F9F9F9F}
		{B1234567-89AB-4CDE-8FAB-1234567890AB} = {4E4E4E4E-4E4E-4E4E-4E4E-4E4E4E4E4E4E}
		{C1234567-89AB-4DEF-8ABC-1234567890AB} = {3F9F9F9F-9F9F-9F9F-9F9F-9F9F9F9F9F9F}
		{D1234567-89AB-4DEF-8BCD-1234567890AB} = {3F9F9F9F-9F9F-9F9F-9F9F-9F9F9F9F9F9F}
		{DC736B91-9582-4E27-BD6B-5448D7F8B0C2} = {2F8F8F8F-8F8F-8F8F-8F8F-8F8F8F8F8F8F}
		{8753824D-C25C-460B-AB03-7A04025FC337} = {2F8F8F8F-8F8F-8F8F-8F8F-8F8F8F8F8F8F}
		{EA624844-68D9-4511-9A58-D0726834AFA4} = {3F9F9F9F-9F9F-9F9F-9F9F-9F9F9F9F9F9F}
		{BE25E03B-2BC4-4188-B9F1-D085686FF0FA} = {3F9F9F9F-9F9F-9F9F-9F9F-9F9F9F9F9F9F}
		{360ACBB7-1206-42F6-8040-7CEB13916D3C} = {2F8F8F8F-8F8F-8F8F-8F8F-8F8F8F8F8F8F}
		{975A5C94-0A96-4ED8-A244-69F33ED5A69A} = {3F9F9F9F-9F9F-9F9F-9F9F-9F9F9F9F9F9F}
		{13D96FD0-02DD-48DF-BBFB-6B78D6B5F9E9} = {4E4E4E4E-4E4E-4E4E-4E4E-4E4E4E4E4E4E}
		{F966875B-1489-43DF-AB48-FCBBF93F80BE} = {2F8F8F8F-8F8F-8F8F-8F8F-8F8F8F8F8F8F}
		{023768A4-AB14-4FEB-ABB7-C825327B251D} = {3F9F9F9F-9F9F-9F9F-9F9F-9F9F9F9F9F9F}
		{6BF97EE8-690D-44C8-BE03-2151935AD94D} = {2F8F8F8F-8F8F-8F8F-8F8F-8F8F8F8F8F8F}
		{175E1449-0EC2-4F4D-A29C-A3E0AD72A4C9} = {3F9F9F9F-9F9F-9F9F-9F9F-9F9F9F9F9F9F}
		{5E68D3F9-CA86-4FFD-A04B-8059EBA81F12} = {2F8F8F8F-8F8F-8F8F-8F8F-8F8F8F8F8F8F}
		{AEE4B36C-FA62-4C6F-B87D-D50CD73F67FF} = {3F9F9F9F-9F9F-9F9F-9F9F-9F9F9F9F9F9F}
		{62DB90DA-9140-4F56-B1B0-960CF1D9720B} = {2F8F8F8F-8F8F-8F8F-8F8F-8F8F8F8F8F8F}
		{D46CE414-974F-4434-8167-C61F1B1EA83D} = {3F9F9F9F-9F9F-9F9F-9F9F-9F9F9F9F9F9F}
		{360F137A-EC26-4A56-9985-7DE34CDA57A9} = {2F8F8F8F-8F8F-8F8F-8F8F-8F8F8F8F8F8F}
		{3F802AFE-2C9A-43A0-BEE5-E6AAEAF1E2A1} = {3F9F9F9F-9F9F-9F9F-9F9F-9F9F9F9F9F9F}
		{D9183C7D-D3A5-4C7C-80DB-E722C405F0C8} = {3F9F9F9F-9F9F-9F9F-9F9F-9F9F9F9F9F9F}
		{67A5782D-9FA6-4074-95C2-0C1C26DC38CD} = {3F9F9F9F-9F9F-9F9F-9F9F-9F9F9F9F9F9F}
		{8A2D1437-243E-4D8A-9470-537ED2DA0772} = {4E4E4E4E-4E4E-4E4E-4E4E-4E4E4E4E4E4E}
		{4134FB59-239E-4830-9204-513F9F144FA9} = {4E4E4E4E-4E4E-4E4E-4E4E-4E4E4E4E4E4E}
		{F5CFB130-98EA-41C4-847E-6C2C9530324C} = {4E4E4E4E-4E4E-4E4E-4E4E-4E4E4E4E4E4E}
		{A090875A-0818-4812-B5D8-B8D3A6BDEB88} = {3F9F9F9F-9F9F-9F9F-9F9F-9F9F9F9F9F9F}
		{F11B7B36-D382-475D-B974-7E81F10CE000} = {3F9F9F9F-9F9F-9F9F-9F9F-9F9F9F9F9F9F}
		{77D2AAA1-C40D-41BE-B515-B1FFC64A7E9B} = {2F8F8F8F-8F8F-8F8F-8F8F-8F8F8F8F8F8F}
		{37BB9D24-682F-4999-9E36-4FE8CAF0F52A} = {3F9F9F9F-9F9F-9F9F-9F9F-9F9F9F9F9F9F}
		{D3724D99-0647-4973-A48E-2F9EE845372D} = {2F8F8F8F-8F8F-8F8F-8F8F-8F8F8F8F8F8F}
		{80407791-4866-4BA2-88F3-2436B94393FE} = {3F9F9F9F-9F9F-9F9F-9F9F-9F9F9F9F9F9F}
		{65CF7196-5287-4E15-97B5-2537196371EA} = {3F9F9F9F-9F9F-9F9F-9F9F-9F9F9F9F9F9F}
		{39F55FC9-D836-4775-8C44-4C8160AD56FD} = {3F9F9F9F-9F9F-9F9F-9F9F-9F9F9F9F9F9F}
		{7476D0CA-3DBC-4A98-A07A-B31CEB4E0751} = {2F8F8F8F-8F8F-8F8F-8F8F-8F8F8F8F8F8F}
		{AF55DBEC-63CC-4C82-9BAF-C69AEB732E5E} = {3F9F9F9F-9F9F-9F9F-9F9F-9F9F9F9F9F9F}
		{AC9D7854-9162-4C75-BB40-3799B3C22A12} = {2F8F8F8F-8F8F-8F8F-8F8F-8F8F8F8F8F8F}
		{FB51EE77-FAAC-425A-A737-DF52CFC573CB} = {3F9F9F9F-9F9F-9F9F-9F9F-9F9F9F9F9F9F}
		{76878BA2-BA46-4E8A-9722-CE704FDA1636} = {4E4E4E4E-4E4E-4E4E-4E4E-4E4E4E4E4E4E}
		{2A710C6A-B656-4803-A3D0-A38FE81E21B7} = {2F8F8F8F-8F8F-8F8F-8F8F-8F8F8F8F8F8F}
		{68A8457E-4830-45F3-A0BA-C68F706201B4} = {3F9F9F9F-9F9F-9F9F-9F9F-9F9F9F9F9F9F}
		{11481936-9CF4-444A-A1A7-B7E56C118278} = {3F9F9F9F-9F9F-9F9F-9F9F-9F9F9F9F9F9F}
	EndGlobalSection
EndGlobal
